
Microsoft Visual Studio Solution File, Format Version 11.00
# Visual Studio 2010
Project("{8BC9CEB8-8B4A-11D0-8D11-00A0C91BC942}") = "TxUICommonLib", "TxUICommonLib\TxUICommonLib.vcxproj", "{2D6736E0-45D4-4966-92EE-E0714C9BDE0A}"
EndProject
Project("{8BC9CEB8-8B4A-11D0-8D11-00A0C91BC942}") = "TxUIGuid", "TxUIGuid\TxUIGuid.vcxproj", "{7896A6D0-B9CF-46E4-A5BB-67E9973D0744}"
EndProject
Global
	GlobalSection(SolutionConfigurationPlatforms) = preSolution
		Debug|Win32 = Debug|Win32
		Release|Win32 = Release|Win32
	EndGlobalSection
	GlobalSection(ProjectConfigurationPlatforms) = postSolution
		{2D6736E0-45D4-4966-92EE-E0714C9BDE0A}.Debug|Win32.ActiveCfg = Debug|Win32
		{2D6736E0-45D4-4966-92EE-E0714C9BDE0A}.Debug|Win32.Build.0 = Debug|Win32
		{2D6736E0-45D4-4966-92EE-E0714C9BDE0A}.Release|Win32.ActiveCfg = Release|Win32
		{2D6736E0-45D4-4966-92EE-E0714C9BDE0A}.Release|Win32.Build.0 = Release|Win32
		{7896A6D0-B9CF-46E4-A5BB-67E9973D0744}.Debug|Win32.ActiveCfg = Debug|Win32
		{7896A6D0-B9CF-46E4-A5BB-67E9973D0744}.Debug|Win32.Build.0 = Debug|Win32
		{7896A6D0-B9CF-46E4-A5BB-67E9973D0744}.Release|Win32.ActiveCfg = Release|Win32
		{7896A6D0-B9CF-46E4-A5BB-67E9973D0744}.Release|Win32.Build.0 = Release|Win32
	EndGlobalSection
	GlobalSection(SolutionProperties) = preSolution
		HideSolutionNode = FALSE
	EndGlobalSection
EndGlobal
