
Microsoft Visual Studio Solution File, Format Version 10.00
# Visual Studio 2008
Project("{8BC9CEB8-8B4A-11D0-8D11-00A0C91BC942}") = "TxUITestFrame", "TxUITestFrame.vcproj", "{18CAF395-D73F-4DEB-AE39-B8E748509F02}"
EndProject
Global
	GlobalSection(SolutionConfigurationPlatforms) = preSolution
		Debug|Win32 = Debug|Win32
		Release|Win32 = Release|Win32
	EndGlobalSection
	GlobalSection(ProjectConfigurationPlatforms) = postSolution
		{18CAF395-D73F-4DEB-AE39-B8E748509F02}.Debug|Win32.ActiveCfg = Debug|Win32
		{18CAF395-D73F-4DEB-AE39-B8E748509F02}.Debug|Win32.Build.0 = Debug|Win32
		{18CAF395-D73F-4DEB-AE39-B8E748509F02}.Release|Win32.ActiveCfg = Release|Win32
		{18CAF395-D73F-4DEB-AE39-B8E748509F02}.Release|Win32.Build.0 = Release|Win32
	EndGlobalSection
	GlobalSection(SolutionProperties) = preSolution
		HideSolutionNode = FALSE
	EndGlobalSection
EndGlobal
