
Microsoft Visual Studio Solution File, Format Version 10.00
# Visual Studio 2008
Project("{8BC9CEB8-8B4A-11D0-8D11-00A0C91BC942}") = "AutoClockIn", "AutoClockIn\AutoClockIn.vcproj", "{7773CE67-B9A3-49FB-9E62-61CF2ACE1CBB}"
EndProject
Global
	GlobalSection(SolutionConfigurationPlatforms) = preSolution
		Debug|Win32 = Debug|Win32
		Release|Win32 = Release|Win32
	EndGlobalSection
	GlobalSection(ProjectConfigurationPlatforms) = postSolution
		{7773CE67-B9A3-49FB-9E62-61CF2ACE1CBB}.Debug|Win32.ActiveCfg = Debug|Win32
		{7773CE67-B9A3-49FB-9E62-61CF2ACE1CBB}.Debug|Win32.Build.0 = Debug|Win32
		{7773CE67-B9A3-49FB-9E62-61CF2ACE1CBB}.Release|Win32.ActiveCfg = Release|Win32
		{7773CE67-B9A3-49FB-9E62-61CF2ACE1CBB}.Release|Win32.Build.0 = Release|Win32
	EndGlobalSection
	GlobalSection(SolutionProperties) = preSolution
		HideSolutionNode = FALSE
	EndGlobalSection
EndGlobal
